<?xml version="1.0" encoding="utf-8"?>
<Project ToolsVersion="4.0" xmlns="http://schemas.microsoft.com/developer/msbuild/2003">
  <ItemGroup>
    <ClCompile Include="visitor.cpp" />
    <ClCompile Include="multimethods.cpp" />
    <ClCompile Include="single_double.cpp" />
    <ClCompile Include="visitor_intrusive.cpp" />
    <ClCompile Include="visitor_reflective.cpp" />
    <ClCompile Include="visitor_double.cpp" />
    <ClCompile Include="visitor_multiple.cpp" />
  </ItemGroup>
  <ItemGroup>
    <ClInclude Include="model.hpp" />
    <ClInclude Include="visitor.hpp" />
    <ClInclude Include="acyclic.hpp" />
  </ItemGroup>
</Project>